
Microsoft Visual Studio Solution File, Format Version 12.00
# Visual Studio Version 16
VisualStudioVersion = 16.0.30717.126
MinimumVisualStudioVersion = 10.0.40219.1
Project("{FAE04EC0-301F-11D3-BF4B-00C04F79EFBC}") = "JenkinsNetCore", "JenkinsNetCore\JenkinsNetCore.csproj", "{4BC49344-4208-4946-B54C-7F5BBB14F849}"
EndProject
Global
	GlobalSection(SolutionConfigurationPlatforms) = preSolution
		Debug|Any CPU = Debug|Any CPU
		Release|Any CPU = Release|Any CPU
	EndGlobalSection
	GlobalSection(ProjectConfigurationPlatforms) = postSolution
		{4BC49344-4208-4946-B54C-7F5BBB14F849}.Debug|Any CPU.ActiveCfg = Debug|Any CPU
		{4BC49344-4208-4946-B54C-7F5BBB14F849}.Debug|Any CPU.Build.0 = Debug|Any CPU
		{4BC49344-4208-4946-B54C-7F5BBB14F849}.Release|Any CPU.ActiveCfg = Release|Any CPU
		{4BC49344-4208-4946-B54C-7F5BBB14F849}.Release|Any CPU.Build.0 = Release|Any CPU
	EndGlobalSection
	GlobalSection(SolutionProperties) = preSolution
		HideSolutionNode = FALSE
	EndGlobalSection
	GlobalSection(ExtensibilityGlobals) = postSolution
		SolutionGuid = {C92827AA-87A5-44A0-ADC6-D69670359E3B}
	EndGlobalSection
EndGlobal
